
Microsoft Visual Studio Solution File, Format Version 12.00
# Visual Studio Version 17
VisualStudioVersion = 17.0.32112.339
MinimumVisualStudioVersion = 10.0.40219.1
Project("{FAE04EC0-301F-11D3-BF4B-00C04F79EFBC}") = "SectionLayout", "SectionLayout\SectionLayout.csproj", "{5724FB36-7B1F-41F7-A4EC-1C06D2DB5E2E}"
EndProject
Global
	GlobalSection(SolutionConfigurationPlatforms) = preSolution
		Debug|Any CPU = Debug|Any CPU
		Release|Any CPU = Release|Any CPU
	EndGlobalSection
	GlobalSection(ProjectConfigurationPlatforms) = postSolution
		{5724FB36-7B1F-41F7-A4EC-1C06D2DB5E2E}.Debug|Any CPU.ActiveCfg = Debug|Any CPU
		{5724FB36-7B1F-41F7-A4EC-1C06D2DB5E2E}.Debug|Any CPU.Build.0 = Debug|Any CPU
		{5724FB36-7B1F-41F7-A4EC-1C06D2DB5E2E}.Release|Any CPU.ActiveCfg = Release|Any CPU
		{5724FB36-7B1F-41F7-A4EC-1C06D2DB5E2E}.Release|Any CPU.Build.0 = Release|Any CPU
	EndGlobalSection
	GlobalSection(SolutionProperties) = preSolution
		HideSolutionNode = FALSE
	EndGlobalSection
	GlobalSection(ExtensibilityGlobals) = postSolution
		SolutionGuid = {29D21622-F88A-4C24-8EBF-3DE1A5B5900F}
	EndGlobalSection
EndGlobal
